
Microsoft Visual Studio Solution File, Format Version 11.00
# Visual Studio 2010
Project("{F184B08F-C81C-45F6-A57F-5ABD9991F28F}") = "Item Creator v1298 v1", "Item Creator v1298 v1\Item Creator v1298 v1.vbproj", "{0DF174A4-8FC2-4814-8D2E-C40869B18737}"
EndProject
Global
	GlobalSection(SolutionConfigurationPlatforms) = preSolution
		Debug|x86 = Debug|x86
		Release|x86 = Release|x86
	EndGlobalSection
	GlobalSection(ProjectConfigurationPlatforms) = postSolution
		{0DF174A4-8FC2-4814-8D2E-C40869B18737}.Debug|x86.ActiveCfg = Debug|x86
		{0DF174A4-8FC2-4814-8D2E-C40869B18737}.Debug|x86.Build.0 = Debug|x86
		{0DF174A4-8FC2-4814-8D2E-C40869B18737}.Release|x86.ActiveCfg = Release|x86
		{0DF174A4-8FC2-4814-8D2E-C40869B18737}.Release|x86.Build.0 = Release|x86
	EndGlobalSection
	GlobalSection(SolutionProperties) = preSolution
		HideSolutionNode = FALSE
	EndGlobalSection
EndGlobal
